
Microsoft Visual Studio Solution File, Format Version 12.00
Project("{FAE04EC0-301F-11D3-BF4B-00C04F79EFBC}") = "PRandomHash", "PRandomHash\PRandomHash.csproj", "{6DB641C8-7523-4540-B51A-752ED31567FA}"
EndProject
Global
	GlobalSection(SolutionConfigurationPlatforms) = preSolution
		Debug|Any CPU = Debug|Any CPU
		Release|Any CPU = Release|Any CPU
	EndGlobalSection
	GlobalSection(ProjectConfigurationPlatforms) = postSolution
		{6DB641C8-7523-4540-B51A-752ED31567FA}.Debug|Any CPU.ActiveCfg = Debug|Any CPU
		{6DB641C8-7523-4540-B51A-752ED31567FA}.Debug|Any CPU.Build.0 = Debug|Any CPU
		{6DB641C8-7523-4540-B51A-752ED31567FA}.Release|Any CPU.ActiveCfg = Release|Any CPU
		{6DB641C8-7523-4540-B51A-752ED31567FA}.Release|Any CPU.Build.0 = Release|Any CPU
	EndGlobalSection
EndGlobal
